<Solution>
  <Folder Name="/src/">
    <Project Path="src/ProductCatalog.API/ProductCatalog.API.csproj" />
    <Project Path="src/ProductCatalog.Application/ProductCatalog.Application.csproj" />
    <Project Path="src/ProductCatalog.Domain/ProductCatalog.Domain.csproj" />
    <Project Path="src/ProductCatalog.Infrastructure/ProductCatalog.Infrastructure.csproj" />
  </Folder>
  <Folder Name="/tests/">
    <Project Path="tests/ProductCatalog.Tests/ProductCatalog.Tests.csproj" />
  </Folder>
</Solution>
